
Microsoft Visual Studio Solution File, Format Version 12.00
# Visual Studio Version 17
VisualStudioVersion = 17.8.34511.84
MinimumVisualStudioVersion = 10.0.40219.1
Project("{FAE04EC0-301F-11D3-BF4B-00C04F79EFBC}") = "ManuelBelausteguiAssigmmentM4", "ManuelBelausteguiAssigmmentM4.csproj", "{41A151AE-737F-4526-92B2-11EB425CA142}"
EndProject
Global
	GlobalSection(SolutionConfigurationPlatforms) = preSolution
		Debug|Any CPU = Debug|Any CPU
		Release|Any CPU = Release|Any CPU
	EndGlobalSection
	GlobalSection(ProjectConfigurationPlatforms) = postSolution
		{41A151AE-737F-4526-92B2-11EB425CA142}.Debug|Any CPU.ActiveCfg = Debug|Any CPU
		{41A151AE-737F-4526-92B2-11EB425CA142}.Debug|Any CPU.Build.0 = Debug|Any CPU
		{41A151AE-737F-4526-92B2-11EB425CA142}.Release|Any CPU.ActiveCfg = Release|Any CPU
		{41A151AE-737F-4526-92B2-11EB425CA142}.Release|Any CPU.Build.0 = Release|Any CPU
	EndGlobalSection
	GlobalSection(SolutionProperties) = preSolution
		HideSolutionNode = FALSE
	EndGlobalSection
	GlobalSection(ExtensibilityGlobals) = postSolution
		SolutionGuid = {47D8E56F-9531-404E-A014-C5E56CEE67E1}
	EndGlobalSection
EndGlobal
